{
  "originHash" : "cc59911c3300eee8d20a78997f83e2e5766ae5487816ca1f59a5386c52baf65b",
  "pins" : [
    {
      "identity" : "swift-markdownkit",
      "kind" : "remoteSourceControl",
      "location" : "https://github.com/objecthub/swift-markdownkit.git",
      "state" : {
        "revision" : "0904c81cb39ae1ba918b03a692a6fb27fe171a0b",
        "version" : "1.3.0"
      }
    }
  ],
  "version" : 3
}
