{
  "originHash" : "3e04a49afadc5b44c868bb51c6a8741012d6a5bdef6c1b786c6d27fce856a524",
  "pins" : [
    {
      "identity" : "swift-markdownkit",
      "kind" : "remoteSourceControl",
      "location" : "https://github.com/objecthub/swift-markdownkit",
      "state" : {
        "revision" : "e1132285f2327dba7a34523f4ef5bc5cb8502d39",
        "version" : "1.1.8"
      }
    }
  ],
  "version" : 3
}
