// !$*UTF8*$!
{
	archiveVersion = 1;
	classes = {
	};
	objectVersion = 56;
	objects = {

/* Begin PBXBuildFile section */
		26B83F682B4B88890002381F /* AppDelegate.swift in Sources */ = {isa = PBXBuildFile; fileRef = 26B83F672B4B88890002381F /* AppDelegate.swift */; };
		26B83F6C2B4B888A0002381F /* Assets.xcassets in Resources */ = {isa = PBXBuildFile; fileRef = 26B83F6B2B4B888A0002381F /* Assets.xcassets */; };
		26B83F6F2B4B888A0002381F /* Main.storyboard in Resources */ = {isa = PBXBuildFile; fileRef = 26B83F6D2B4B888A0002381F /* Main.storyboard */; };
		26B83F7B2B4B8B6F0002381F /* TaskTimes.swift in Sources */ = {isa = PBXBuildFile; fileRef = 26B83F782B4B8B6F0002381F /* TaskTimes.swift */; };
		26B83F7C2B4B8B6F0002381F /* TaskStatus.swift in Sources */ = {isa = PBXBuildFile; fileRef = 26B83F792B4B8B6F0002381F /* TaskStatus.swift */; };
		26B83F7D2B4B8B6F0002381F /* Task.swift in Sources */ = {isa = PBXBuildFile; fileRef = 26B83F7A2B4B8B6F0002381F /* Task.swift */; };
		26B83F7F2B4B8C200002381F /* MenuManager.swift in Sources */ = {isa = PBXBuildFile; fileRef = 26B83F7E2B4B8C200002381F /* MenuManager.swift */; };
		26B83F812B4B8D4E0002381F /* TaskView.swift in Sources */ = {isa = PBXBuildFile; fileRef = 26B83F802B4B8D4E0002381F /* TaskView.swift */; };
		26B83F832B4BAD610002381F /* TaskManager.swift in Sources */ = {isa = PBXBuildFile; fileRef = 26B83F822B4BAD610002381F /* TaskManager.swift */; };
		26B83F852B4BAF860002381F /* TimerState.swift in Sources */ = {isa = PBXBuildFile; fileRef = 26B83F842B4BAF860002381F /* TimerState.swift */; };
		26B83F872B4BB0190002381F /* TaskManagerExt.swift in Sources */ = {isa = PBXBuildFile; fileRef = 26B83F862B4BB0190002381F /* TaskManagerExt.swift */; };
		26B83F892B4BB2110002381F /* Alerter.swift in Sources */ = {isa = PBXBuildFile; fileRef = 26B83F882B4BB2110002381F /* Alerter.swift */; };
		26B83F8B2B4BB3EF0002381F /* Notifier.swift in Sources */ = {isa = PBXBuildFile; fileRef = 26B83F8A2B4BB3EF0002381F /* Notifier.swift */; };
		26B83F902B4BB5C20002381F /* DataStore.swift in Sources */ = {isa = PBXBuildFile; fileRef = 26B83F8F2B4BB5C20002381F /* DataStore.swift */; };
		26B83F922B4BB8640002381F /* EditTasksView.swift in Sources */ = {isa = PBXBuildFile; fileRef = 26B83F912B4BB8640002381F /* EditTasksView.swift */; };
/* End PBXBuildFile section */

/* Begin PBXFileReference section */
		26B83F642B4B88890002381F /* Time-ato.app */ = {isa = PBXFileReference; explicitFileType = wrapper.application; includeInIndex = 0; path = "Time-ato.app"; sourceTree = BUILT_PRODUCTS_DIR; };
		26B83F672B4B88890002381F /* AppDelegate.swift */ = {isa = PBXFileReference; lastKnownFileType = sourcecode.swift; path = AppDelegate.swift; sourceTree = "<group>"; };
		26B83F6B2B4B888A0002381F /* Assets.xcassets */ = {isa = PBXFileReference; lastKnownFileType = folder.assetcatalog; path = Assets.xcassets; sourceTree = "<group>"; };
		26B83F6E2B4B888A0002381F /* Base */ = {isa = PBXFileReference; lastKnownFileType = file.storyboard; name = Base; path = Base.lproj/Main.storyboard; sourceTree = "<group>"; };
		26B83F702B4B888A0002381F /* Time_ato.entitlements */ = {isa = PBXFileReference; lastKnownFileType = text.plist.entitlements; path = Time_ato.entitlements; sourceTree = "<group>"; };
		26B83F782B4B8B6F0002381F /* TaskTimes.swift */ = {isa = PBXFileReference; fileEncoding = 4; lastKnownFileType = sourcecode.swift; path = TaskTimes.swift; sourceTree = "<group>"; };
		26B83F792B4B8B6F0002381F /* TaskStatus.swift */ = {isa = PBXFileReference; fileEncoding = 4; lastKnownFileType = sourcecode.swift; path = TaskStatus.swift; sourceTree = "<group>"; };
		26B83F7A2B4B8B6F0002381F /* Task.swift */ = {isa = PBXFileReference; fileEncoding = 4; lastKnownFileType = sourcecode.swift; path = Task.swift; sourceTree = "<group>"; };
		26B83F7E2B4B8C200002381F /* MenuManager.swift */ = {isa = PBXFileReference; lastKnownFileType = sourcecode.swift; path = MenuManager.swift; sourceTree = "<group>"; };
		26B83F802B4B8D4E0002381F /* TaskView.swift */ = {isa = PBXFileReference; fileEncoding = 4; lastKnownFileType = sourcecode.swift; path = TaskView.swift; sourceTree = "<group>"; };
		26B83F822B4BAD610002381F /* TaskManager.swift */ = {isa = PBXFileReference; lastKnownFileType = sourcecode.swift; path = TaskManager.swift; sourceTree = "<group>"; };
		26B83F842B4BAF860002381F /* TimerState.swift */ = {isa = PBXFileReference; fileEncoding = 4; lastKnownFileType = sourcecode.swift; path = TimerState.swift; sourceTree = "<group>"; };
		26B83F862B4BB0190002381F /* TaskManagerExt.swift */ = {isa = PBXFileReference; fileEncoding = 4; lastKnownFileType = sourcecode.swift; path = TaskManagerExt.swift; sourceTree = "<group>"; };
		26B83F882B4BB2110002381F /* Alerter.swift */ = {isa = PBXFileReference; fileEncoding = 4; lastKnownFileType = sourcecode.swift; path = Alerter.swift; sourceTree = "<group>"; };
		26B83F8A2B4BB3EF0002381F /* Notifier.swift */ = {isa = PBXFileReference; fileEncoding = 4; lastKnownFileType = sourcecode.swift; path = Notifier.swift; sourceTree = "<group>"; };
		26B83F8F2B4BB5C20002381F /* DataStore.swift */ = {isa = PBXFileReference; fileEncoding = 4; lastKnownFileType = sourcecode.swift; path = DataStore.swift; sourceTree = "<group>"; };
		26B83F912B4BB8640002381F /* EditTasksView.swift */ = {isa = PBXFileReference; lastKnownFileType = sourcecode.swift; path = EditTasksView.swift; sourceTree = "<group>"; };
/* End PBXFileReference section */

/* Begin PBXFrameworksBuildPhase section */
		26B83F612B4B88890002381F /* Frameworks */ = {
			isa = PBXFrameworksBuildPhase;
			buildActionMask = 2147483647;
			files = (
			);
			runOnlyForDeploymentPostprocessing = 0;
		};
/* End PBXFrameworksBuildPhase section */

/* Begin PBXGroup section */
		26B83F5B2B4B88890002381F = {
			isa = PBXGroup;
			children = (
				26B83F662B4B88890002381F /* Time-ato */,
				26B83F652B4B88890002381F /* Products */,
			);
			sourceTree = "<group>";
		};
		26B83F652B4B88890002381F /* Products */ = {
			isa = PBXGroup;
			children = (
				26B83F642B4B88890002381F /* Time-ato.app */,
			);
			name = Products;
			sourceTree = "<group>";
		};
		26B83F662B4B88890002381F /* Time-ato */ = {
			isa = PBXGroup;
			children = (
				26B83F672B4B88890002381F /* AppDelegate.swift */,
				26B83F8C2B4BB5580002381F /* Managers */,
				26B83F8D2B4BB5610002381F /* Views */,
				26B83F772B4B8B6F0002381F /* Models */,
				26B83F8E2B4BB5690002381F /* Interactions */,
				26B83F6B2B4B888A0002381F /* Assets.xcassets */,
				26B83F6D2B4B888A0002381F /* Main.storyboard */,
				26B83F702B4B888A0002381F /* Time_ato.entitlements */,
			);
			path = "Time-ato";
			sourceTree = "<group>";
		};
		26B83F772B4B8B6F0002381F /* Models */ = {
			isa = PBXGroup;
			children = (
				26B83F782B4B8B6F0002381F /* TaskTimes.swift */,
				26B83F792B4B8B6F0002381F /* TaskStatus.swift */,
				26B83F7A2B4B8B6F0002381F /* Task.swift */,
				26B83F842B4BAF860002381F /* TimerState.swift */,
				26B83F8F2B4BB5C20002381F /* DataStore.swift */,
			);
			path = Models;
			sourceTree = "<group>";
		};
		26B83F8C2B4BB5580002381F /* Managers */ = {
			isa = PBXGroup;
			children = (
				26B83F7E2B4B8C200002381F /* MenuManager.swift */,
				26B83F822B4BAD610002381F /* TaskManager.swift */,
				26B83F862B4BB0190002381F /* TaskManagerExt.swift */,
			);
			path = Managers;
			sourceTree = "<group>";
		};
		26B83F8D2B4BB5610002381F /* Views */ = {
			isa = PBXGroup;
			children = (
				26B83F802B4B8D4E0002381F /* TaskView.swift */,
				26B83F912B4BB8640002381F /* EditTasksView.swift */,
			);
			path = Views;
			sourceTree = "<group>";
		};
		26B83F8E2B4BB5690002381F /* Interactions */ = {
			isa = PBXGroup;
			children = (
				26B83F882B4BB2110002381F /* Alerter.swift */,
				26B83F8A2B4BB3EF0002381F /* Notifier.swift */,
			);
			path = Interactions;
			sourceTree = "<group>";
		};
/* End PBXGroup section */

/* Begin PBXNativeTarget section */
		26B83F632B4B88890002381F /* Time-ato */ = {
			isa = PBXNativeTarget;
			buildConfigurationList = 26B83F732B4B888A0002381F /* Build configuration list for PBXNativeTarget "Time-ato" */;
			buildPhases = (
				26B83F602B4B88890002381F /* Sources */,
				26B83F612B4B88890002381F /* Frameworks */,
				26B83F622B4B88890002381F /* Resources */,
			);
			buildRules = (
			);
			dependencies = (
			);
			name = "Time-ato";
			productName = "Time-ato";
			productReference = 26B83F642B4B88890002381F /* Time-ato.app */;
			productType = "com.apple.product-type.application";
		};
/* End PBXNativeTarget section */

/* Begin PBXProject section */
		26B83F5C2B4B88890002381F /* Project object */ = {
			isa = PBXProject;
			attributes = {
				BuildIndependentTargetsInParallel = 1;
				LastSwiftUpdateCheck = 1510;
				LastUpgradeCheck = 1540;
				TargetAttributes = {
					26B83F632B4B88890002381F = {
						CreatedOnToolsVersion = 15.1;
					};
				};
			};
			buildConfigurationList = 26B83F5F2B4B88890002381F /* Build configuration list for PBXProject "Time-ato" */;
			compatibilityVersion = "Xcode 14.0";
			developmentRegion = en;
			hasScannedForEncodings = 0;
			knownRegions = (
				en,
				Base,
			);
			mainGroup = 26B83F5B2B4B88890002381F;
			productRefGroup = 26B83F652B4B88890002381F /* Products */;
			projectDirPath = "";
			projectRoot = "";
			targets = (
				26B83F632B4B88890002381F /* Time-ato */,
			);
		};
/* End PBXProject section */

/* Begin PBXResourcesBuildPhase section */
		26B83F622B4B88890002381F /* Resources */ = {
			isa = PBXResourcesBuildPhase;
			buildActionMask = 2147483647;
			files = (
				26B83F6C2B4B888A0002381F /* Assets.xcassets in Resources */,
				26B83F6F2B4B888A0002381F /* Main.storyboard in Resources */,
			);
			runOnlyForDeploymentPostprocessing = 0;
		};
/* End PBXResourcesBuildPhase section */

/* Begin PBXSourcesBuildPhase section */
		26B83F602B4B88890002381F /* Sources */ = {
			isa = PBXSourcesBuildPhase;
			buildActionMask = 2147483647;
			files = (
				26B83F922B4BB8640002381F /* EditTasksView.swift in Sources */,
				26B83F7D2B4B8B6F0002381F /* Task.swift in Sources */,
				26B83F902B4BB5C20002381F /* DataStore.swift in Sources */,
				26B83F8B2B4BB3EF0002381F /* Notifier.swift in Sources */,
				26B83F892B4BB2110002381F /* Alerter.swift in Sources */,
				26B83F7F2B4B8C200002381F /* MenuManager.swift in Sources */,
				26B83F7C2B4B8B6F0002381F /* TaskStatus.swift in Sources */,
				26B83F812B4B8D4E0002381F /* TaskView.swift in Sources */,
				26B83F682B4B88890002381F /* AppDelegate.swift in Sources */,
				26B83F852B4BAF860002381F /* TimerState.swift in Sources */,
				26B83F832B4BAD610002381F /* TaskManager.swift in Sources */,
				26B83F7B2B4B8B6F0002381F /* TaskTimes.swift in Sources */,
				26B83F872B4BB0190002381F /* TaskManagerExt.swift in Sources */,
			);
			runOnlyForDeploymentPostprocessing = 0;
		};
/* End PBXSourcesBuildPhase section */

/* Begin PBXVariantGroup section */
		26B83F6D2B4B888A0002381F /* Main.storyboard */ = {
			isa = PBXVariantGroup;
			children = (
				26B83F6E2B4B888A0002381F /* Base */,
			);
			name = Main.storyboard;
			sourceTree = "<group>";
		};
/* End PBXVariantGroup section */

/* Begin XCBuildConfiguration section */
		26B83F712B4B888A0002381F /* Debug */ = {
			isa = XCBuildConfiguration;
			buildSettings = {
				ALWAYS_SEARCH_USER_PATHS = NO;
				ASSETCATALOG_COMPILER_GENERATE_SWIFT_ASSET_SYMBOL_EXTENSIONS = YES;
				CLANG_ANALYZER_NONNULL = YES;
				CLANG_ANALYZER_NUMBER_OBJECT_CONVERSION = YES_AGGRESSIVE;
				CLANG_CXX_LANGUAGE_STANDARD = "gnu++20";
				CLANG_ENABLE_MODULES = YES;
				CLANG_ENABLE_OBJC_ARC = YES;
				CLANG_ENABLE_OBJC_WEAK = YES;
				CLANG_WARN_BLOCK_CAPTURE_AUTORELEASING = YES;
				CLANG_WARN_BOOL_CONVERSION = YES;
				CLANG_WARN_COMMA = YES;
				CLANG_WARN_CONSTANT_CONVERSION = YES;
				CLANG_WARN_DEPRECATED_OBJC_IMPLEMENTATIONS = YES;
				CLANG_WARN_DIRECT_OBJC_ISA_USAGE = YES_ERROR;
				CLANG_WARN_DOCUMENTATION_COMMENTS = YES;
				CLANG_WARN_EMPTY_BODY = YES;
				CLANG_WARN_ENUM_CONVERSION = YES;
				CLANG_WARN_INFINITE_RECURSION = YES;
				CLANG_WARN_INT_CONVERSION = YES;
				CLANG_WARN_NON_LITERAL_NULL_CONVERSION = YES;
				CLANG_WARN_OBJC_IMPLICIT_RETAIN_SELF = YES;
				CLANG_WARN_OBJC_LITERAL_CONVERSION = YES;
				CLANG_WARN_OBJC_ROOT_CLASS = YES_ERROR;
				CLANG_WARN_QUOTED_INCLUDE_IN_FRAMEWORK_HEADER = YES;
				CLANG_WARN_RANGE_LOOP_ANALYSIS = YES;
				CLANG_WARN_STRICT_PROTOTYPES = YES;
				CLANG_WARN_SUSPICIOUS_MOVE = YES;
				CLANG_WARN_UNGUARDED_AVAILABILITY = YES_AGGRESSIVE;
				CLANG_WARN_UNREACHABLE_CODE = YES;
				CLANG_WARN__DUPLICATE_METHOD_MATCH = YES;
				COPY_PHASE_STRIP = NO;
				DEAD_CODE_STRIPPING = YES;
				DEBUG_INFORMATION_FORMAT = dwarf;
				ENABLE_STRICT_OBJC_MSGSEND = YES;
				ENABLE_TESTABILITY = YES;
				ENABLE_USER_SCRIPT_SANDBOXING = YES;
				GCC_C_LANGUAGE_STANDARD = gnu17;
				GCC_DYNAMIC_NO_PIC = NO;
				GCC_NO_COMMON_BLOCKS = YES;
				GCC_OPTIMIZATION_LEVEL = 0;
				GCC_PREPROCESSOR_DEFINITIONS = (
					"DEBUG=1",
					"$(inherited)",
				);
				GCC_WARN_64_TO_32_BIT_CONVERSION = YES;
				GCC_WARN_ABOUT_RETURN_TYPE = YES_ERROR;
				GCC_WARN_UNDECLARED_SELECTOR = YES;
				GCC_WARN_UNINITIALIZED_AUTOS = YES_AGGRESSIVE;
				GCC_WARN_UNUSED_FUNCTION = YES;
				GCC_WARN_UNUSED_VARIABLE = YES;
				LOCALIZATION_PREFERS_STRING_CATALOGS = YES;
				MACOSX_DEPLOYMENT_TARGET = 14.2;
				MTL_ENABLE_DEBUG_INFO = INCLUDE_SOURCE;
				MTL_FAST_MATH = YES;
				ONLY_ACTIVE_ARCH = YES;
				SDKROOT = macosx;
				SWIFT_ACTIVE_COMPILATION_CONDITIONS = "DEBUG $(inherited)";
				SWIFT_OPTIMIZATION_LEVEL = "-Onone";
			};
			name = Debug;
		};
		26B83F722B4B888A0002381F /* Release */ = {
			isa = XCBuildConfiguration;
			buildSettings = {
				ALWAYS_SEARCH_USER_PATHS = NO;
				ASSETCATALOG_COMPILER_GENERATE_SWIFT_ASSET_SYMBOL_EXTENSIONS = YES;
				CLANG_ANALYZER_NONNULL = YES;
				CLANG_ANALYZER_NUMBER_OBJECT_CONVERSION = YES_AGGRESSIVE;
				CLANG_CXX_LANGUAGE_STANDARD = "gnu++20";
				CLANG_ENABLE_MODULES = YES;
				CLANG_ENABLE_OBJC_ARC = YES;
				CLANG_ENABLE_OBJC_WEAK = YES;
				CLANG_WARN_BLOCK_CAPTURE_AUTORELEASING = YES;
				CLANG_WARN_BOOL_CONVERSION = YES;
				CLANG_WARN_COMMA = YES;
				CLANG_WARN_CONSTANT_CONVERSION = YES;
				CLANG_WARN_DEPRECATED_OBJC_IMPLEMENTATIONS = YES;
				CLANG_WARN_DIRECT_OBJC_ISA_USAGE = YES_ERROR;
				CLANG_WARN_DOCUMENTATION_COMMENTS = YES;
				CLANG_WARN_EMPTY_BODY = YES;
				CLANG_WARN_ENUM_CONVERSION = YES;
				CLANG_WARN_INFINITE_RECURSION = YES;
				CLANG_WARN_INT_CONVERSION = YES;
				CLANG_WARN_NON_LITERAL_NULL_CONVERSION = YES;
				CLANG_WARN_OBJC_IMPLICIT_RETAIN_SELF = YES;
				CLANG_WARN_OBJC_LITERAL_CONVERSION = YES;
				CLANG_WARN_OBJC_ROOT_CLASS = YES_ERROR;
				CLANG_WARN_QUOTED_INCLUDE_IN_FRAMEWORK_HEADER = YES;
				CLANG_WARN_RANGE_LOOP_ANALYSIS = YES;
				CLANG_WARN_STRICT_PROTOTYPES = YES;
				CLANG_WARN_SUSPICIOUS_MOVE = YES;
				CLANG_WARN_UNGUARDED_AVAILABILITY = YES_AGGRESSIVE;
				CLANG_WARN_UNREACHABLE_CODE = YES;
				CLANG_WARN__DUPLICATE_METHOD_MATCH = YES;
				COPY_PHASE_STRIP = NO;
				DEAD_CODE_STRIPPING = YES;
				DEBUG_INFORMATION_FORMAT = "dwarf-with-dsym";
				ENABLE_NS_ASSERTIONS = NO;
				ENABLE_STRICT_OBJC_MSGSEND = YES;
				ENABLE_USER_SCRIPT_SANDBOXING = YES;
				GCC_C_LANGUAGE_STANDARD = gnu17;
				GCC_NO_COMMON_BLOCKS = YES;
				GCC_WARN_64_TO_32_BIT_CONVERSION = YES;
				GCC_WARN_ABOUT_RETURN_TYPE = YES_ERROR;
				GCC_WARN_UNDECLARED_SELECTOR = YES;
				GCC_WARN_UNINITIALIZED_AUTOS = YES_AGGRESSIVE;
				GCC_WARN_UNUSED_FUNCTION = YES;
				GCC_WARN_UNUSED_VARIABLE = YES;
				LOCALIZATION_PREFERS_STRING_CATALOGS = YES;
				MACOSX_DEPLOYMENT_TARGET = 14.2;
				MTL_ENABLE_DEBUG_INFO = NO;
				MTL_FAST_MATH = YES;
				SDKROOT = macosx;
				SWIFT_COMPILATION_MODE = wholemodule;
			};
			name = Release;
		};
		26B83F742B4B888A0002381F /* Debug */ = {
			isa = XCBuildConfiguration;
			buildSettings = {
				ASSETCATALOG_COMPILER_APPICON_NAME = AppIcon;
				ASSETCATALOG_COMPILER_GLOBAL_ACCENT_COLOR_NAME = AccentColor;
				CODE_SIGN_ENTITLEMENTS = "Time-ato/Time_ato.entitlements";
				CODE_SIGN_STYLE = Automatic;
				COMBINE_HIDPI_IMAGES = YES;
				CURRENT_PROJECT_VERSION = 1;
				DEAD_CODE_STRIPPING = YES;
				DEVELOPMENT_TEAM = WH4XW9UD8G;
				ENABLE_HARDENED_RUNTIME = YES;
				ENABLE_USER_SCRIPT_SANDBOXING = YES;
				GENERATE_INFOPLIST_FILE = YES;
				INFOPLIST_KEY_LSUIElement = YES;
				INFOPLIST_KEY_NSHumanReadableCopyright = "";
				INFOPLIST_KEY_NSMainStoryboardFile = Main;
				INFOPLIST_KEY_NSPrincipalClass = NSApplication;
				LD_RUNPATH_SEARCH_PATHS = (
					"$(inherited)",
					"@executable_path/../Frameworks",
				);
				MARKETING_VERSION = 1.0;
				PRODUCT_BUNDLE_IDENTIFIER = "my.org.Time-ato";
				PRODUCT_NAME = "$(TARGET_NAME)";
				SWIFT_EMIT_LOC_STRINGS = YES;
				SWIFT_VERSION = 5.0;
			};
			name = Debug;
		};
		26B83F752B4B888A0002381F /* Release */ = {
			isa = XCBuildConfiguration;
			buildSettings = {
				ASSETCATALOG_COMPILER_APPICON_NAME = AppIcon;
				ASSETCATALOG_COMPILER_GLOBAL_ACCENT_COLOR_NAME = AccentColor;
				CODE_SIGN_ENTITLEMENTS = "Time-ato/Time_ato.entitlements";
				CODE_SIGN_STYLE = Automatic;
				COMBINE_HIDPI_IMAGES = YES;
				CURRENT_PROJECT_VERSION = 1;
				DEAD_CODE_STRIPPING = YES;
				DEVELOPMENT_TEAM = WH4XW9UD8G;
				ENABLE_HARDENED_RUNTIME = YES;
				ENABLE_USER_SCRIPT_SANDBOXING = YES;
				GENERATE_INFOPLIST_FILE = YES;
				INFOPLIST_KEY_LSUIElement = YES;
				INFOPLIST_KEY_NSHumanReadableCopyright = "";
				INFOPLIST_KEY_NSMainStoryboardFile = Main;
				INFOPLIST_KEY_NSPrincipalClass = NSApplication;
				LD_RUNPATH_SEARCH_PATHS = (
					"$(inherited)",
					"@executable_path/../Frameworks",
				);
				MARKETING_VERSION = 1.0;
				PRODUCT_BUNDLE_IDENTIFIER = "my.org.Time-ato";
				PRODUCT_NAME = "$(TARGET_NAME)";
				SWIFT_EMIT_LOC_STRINGS = YES;
				SWIFT_VERSION = 5.0;
			};
			name = Release;
		};
/* End XCBuildConfiguration section */

/* Begin XCConfigurationList section */
		26B83F5F2B4B88890002381F /* Build configuration list for PBXProject "Time-ato" */ = {
			isa = XCConfigurationList;
			buildConfigurations = (
				26B83F712B4B888A0002381F /* Debug */,
				26B83F722B4B888A0002381F /* Release */,
			);
			defaultConfigurationIsVisible = 0;
			defaultConfigurationName = Release;
		};
		26B83F732B4B888A0002381F /* Build configuration list for PBXNativeTarget "Time-ato" */ = {
			isa = XCConfigurationList;
			buildConfigurations = (
				26B83F742B4B888A0002381F /* Debug */,
				26B83F752B4B888A0002381F /* Release */,
			);
			defaultConfigurationIsVisible = 0;
			defaultConfigurationName = Release;
		};
/* End XCConfigurationList section */
	};
	rootObject = 26B83F5C2B4B88890002381F /* Project object */;
}
